# THIS IS AN AUTOGENERATED FILE. DO NOT EDIT THIS FILE DIRECTLY.
# yarn lockfile v1


dotenv@^16.6.0:
  version "16.6.0"
  resolved "https://registry.yarnpkg.com/dotenv/-/dotenv-16.6.0.tgz#b96bd4e7c2043ba5f51cbe1b8f9347850c864850"
  integrity sha512-Omf1L8paOy2VJhILjyhrhqwLIdstqm1BvcDPKg4NGAlkwEu9ODyrFbvk8UymUOMCT+HXo31jg1lArIrVAAhuGA==
